// !$*UTF8*$!
{
	archiveVersion = 1;
	classes = {
	};
	objectVersion = 56;
	objects = {

/* Begin PBXBuildFile section */
		BB9042E52C3F67E600E45FF9 /* TaskAppApp.swift in Sources */ = {isa = PBXBuildFile; fileRef = BB9042E42C3F67E600E45FF9 /* TaskAppApp.swift */; };
		BB9042E72C3F67E600E45FF9 /* ContentView.swift in Sources */ = {isa = PBXBuildFile; fileRef = BB9042E62C3F67E600E45FF9 /* ContentView.swift */; };
		BB9042E92C3F67EC00E45FF9 /* Assets.xcassets in Resources */ = {isa = PBXBuildFile; fileRef = BB9042E82C3F67EC00E45FF9 /* Assets.xcassets */; };
		BB9042EC2C3F67EC00E45FF9 /* Preview Assets.xcassets in Resources */ = {isa = PBXBuildFile; fileRef = BB9042EB2C3F67EC00E45FF9 /* Preview Assets.xcassets */; };
		BB9042F62C3F67EC00E45FF9 /* TaskAppTests.swift in Sources */ = {isa = PBXBuildFile; fileRef = BB9042F52C3F67EC00E45FF9 /* TaskAppTests.swift */; };
		BB9043002C3F67EC00E45FF9 /* TaskAppUITests.swift in Sources */ = {isa = PBXBuildFile; fileRef = BB9042FF2C3F67EC00E45FF9 /* TaskAppUITests.swift */; };
		BB9043022C3F67EC00E45FF9 /* TaskAppUITestsLaunchTests.swift in Sources */ = {isa = PBXBuildFile; fileRef = BB9043012C3F67EC00E45FF9 /* TaskAppUITestsLaunchTests.swift */; };
/* End PBXBuildFile section */

/* Begin PBXContainerItemProxy section */
		BB9042F22C3F67EC00E45FF9 /* PBXContainerItemProxy */ = {
			isa = PBXContainerItemProxy;
			containerPortal = BB9042D92C3F67E500E45FF9 /* Project object */;
			proxyType = 1;
			remoteGlobalIDString = BB9042E02C3F67E500E45FF9;
			remoteInfo = TaskApp;
		};
		BB9042FC2C3F67EC00E45FF9 /* PBXContainerItemProxy */ = {
			isa = PBXContainerItemProxy;
			containerPortal = BB9042D92C3F67E500E45FF9 /* Project object */;
			proxyType = 1;
			remoteGlobalIDString = BB9042E02C3F67E500E45FF9;
			remoteInfo = TaskApp;
		};
/* End PBXContainerItemProxy section */

/* Begin PBXFileReference section */
		BB9042E12C3F67E600E45FF9 /* TaskApp.app */ = {isa = PBXFileReference; explicitFileType = wrapper.application; includeInIndex = 0; path = TaskApp.app; sourceTree = BUILT_PRODUCTS_DIR; };
		BB9042E42C3F67E600E45FF9 /* TaskAppApp.swift */ = {isa = PBXFileReference; lastKnownFileType = sourcecode.swift; path = TaskAppApp.swift; sourceTree = "<group>"; };
		BB9042E62C3F67E600E45FF9 /* ContentView.swift */ = {isa = PBXFileReference; lastKnownFileType = sourcecode.swift; path = ContentView.swift; sourceTree = "<group>"; };
		BB9042E82C3F67EC00E45FF9 /* Assets.xcassets */ = {isa = PBXFileReference; lastKnownFileType = folder.assetcatalog; path = Assets.xcassets; sourceTree = "<group>"; };
		BB9042EB2C3F67EC00E45FF9 /* Preview Assets.xcassets */ = {isa = PBXFileReference; lastKnownFileType = folder.assetcatalog; path = "Preview Assets.xcassets"; sourceTree = "<group>"; };
		BB9042F12C3F67EC00E45FF9 /* TaskAppTests.xctest */ = {isa = PBXFileReference; explicitFileType = wrapper.cfbundle; includeInIndex = 0; path = TaskAppTests.xctest; sourceTree = BUILT_PRODUCTS_DIR; };
		BB9042F52C3F67EC00E45FF9 /* TaskAppTests.swift */ = {isa = PBXFileReference; lastKnownFileType = sourcecode.swift; path = TaskAppTests.swift; sourceTree = "<group>"; };
		BB9042FB2C3F67EC00E45FF9 /* TaskAppUITests.xctest */ = {isa = PBXFileReference; explicitFileType = wrapper.cfbundle; includeInIndex = 0; path = TaskAppUITests.xctest; sourceTree = BUILT_PRODUCTS_DIR; };
		BB9042FF2C3F67EC00E45FF9 /* TaskAppUITests.swift */ = {isa = PBXFileReference; lastKnownFileType = sourcecode.swift; path = TaskAppUITests.swift; sourceTree = "<group>"; };
		BB9043012C3F67EC00E45FF9 /* TaskAppUITestsLaunchTests.swift */ = {isa = PBXFileReference; lastKnownFileType = sourcecode.swift; path = TaskAppUITestsLaunchTests.swift; sourceTree = "<group>"; };
/* End PBXFileReference section */

/* Begin PBXFrameworksBuildPhase section */
		BB9042DE2C3F67E500E45FF9 /* Frameworks */ = {
			isa = PBXFrameworksBuildPhase;
			buildActionMask = 2147483647;
			files = (
			);
			runOnlyForDeploymentPostprocessing = 0;
		};
		BB9042EE2C3F67EC00E45FF9 /* Frameworks */ = {
			isa = PBXFrameworksBuildPhase;
			buildActionMask = 2147483647;
			files = (
			);
			runOnlyForDeploymentPostprocessing = 0;
		};
		BB9042F82C3F67EC00E45FF9 /* Frameworks */ = {
			isa = PBXFrameworksBuildPhase;
			buildActionMask = 2147483647;
			files = (
			);
			runOnlyForDeploymentPostprocessing = 0;
		};
/* End PBXFrameworksBuildPhase section */

/* Begin PBXGroup section */
		BB9042D82C3F67E500E45FF9 = {
			isa = PBXGroup;
			children = (
				BB9042E32C3F67E600E45FF9 /* TaskApp */,
				BB9042F42C3F67EC00E45FF9 /* TaskAppTests */,
				BB9042FE2C3F67EC00E45FF9 /* TaskAppUITests */,
				BB9042E22C3F67E600E45FF9 /* Products */,
			);
			sourceTree = "<group>";
		};
		BB9042E22C3F67E600E45FF9 /* Products */ = {
			isa = PBXGroup;
			children = (
				BB9042E12C3F67E600E45FF9 /* TaskApp.app */,
				BB9042F12C3F67EC00E45FF9 /* TaskAppTests.xctest */,
				BB9042FB2C3F67EC00E45FF9 /* TaskAppUITests.xctest */,
			);
			name = Products;
			sourceTree = "<group>";
		};
		BB9042E32C3F67E600E45FF9 /* TaskApp */ = {
			isa = PBXGroup;
			children = (
				BB9042E42C3F67E600E45FF9 /* TaskAppApp.swift */,
				BB9042E62C3F67E600E45FF9 /* ContentView.swift */,
				BB9042E82C3F67EC00E45FF9 /* Assets.xcassets */,
				BB9042EA2C3F67EC00E45FF9 /* Preview Content */,
			);
			path = TaskApp;
			sourceTree = "<group>";
		};
		BB9042EA2C3F67EC00E45FF9 /* Preview Content */ = {
			isa = PBXGroup;
			children = (
				BB9042EB2C3F67EC00E45FF9 /* Preview Assets.xcassets */,
			);
			path = "Preview Content";
			sourceTree = "<group>";
		};
		BB9042F42C3F67EC00E45FF9 /* TaskAppTests */ = {
			isa = PBXGroup;
			children = (
				BB9042F52C3F67EC00E45FF9 /* TaskAppTests.swift */,
			);
			path = TaskAppTests;
			sourceTree = "<group>";
		};
		BB9042FE2C3F67EC00E45FF9 /* TaskAppUITests */ = {
			isa = PBXGroup;
			children = (
				BB9042FF2C3F67EC00E45FF9 /* TaskAppUITests.swift */,
				BB9043012C3F67EC00E45FF9 /* TaskAppUITestsLaunchTests.swift */,
			);
			path = TaskAppUITests;
			sourceTree = "<group>";
		};
/* End PBXGroup section */

/* Begin PBXNativeTarget section */
		BB9042E02C3F67E500E45FF9 /* TaskApp */ = {
			isa = PBXNativeTarget;
			buildConfigurationList = BB9043052C3F67ED00E45FF9 /* Build configuration list for PBXNativeTarget "TaskApp" */;
			buildPhases = (
				BB9042DD2C3F67E500E45FF9 /* Sources */,
				BB9042DE2C3F67E500E45FF9 /* Frameworks */,
				BB9042DF2C3F67E500E45FF9 /* Resources */,
			);
			buildRules = (
			);
			dependencies = (
			);
			name = TaskApp;
			productName = TaskApp;
			productReference = BB9042E12C3F67E600E45FF9 /* TaskApp.app */;
			productType = "com.apple.product-type.application";
		};
		BB9042F02C3F67EC00E45FF9 /* TaskAppTests */ = {
			isa = PBXNativeTarget;
			buildConfigurationList = BB9043082C3F67ED00E45FF9 /* Build configuration list for PBXNativeTarget "TaskAppTests" */;
			buildPhases = (
				BB9042ED2C3F67EC00E45FF9 /* Sources */,
				BB9042EE2C3F67EC00E45FF9 /* Frameworks */,
				BB9042EF2C3F67EC00E45FF9 /* Resources */,
			);
			buildRules = (
			);
			dependencies = (
				BB9042F32C3F67EC00E45FF9 /* PBXTargetDependency */,
			);
			name = TaskAppTests;
			productName = TaskAppTests;
			productReference = BB9042F12C3F67EC00E45FF9 /* TaskAppTests.xctest */;
			productType = "com.apple.product-type.bundle.unit-test";
		};
		BB9042FA2C3F67EC00E45FF9 /* TaskAppUITests */ = {
			isa = PBXNativeTarget;
			buildConfigurationList = BB90430B2C3F67ED00E45FF9 /* Build configuration list for PBXNativeTarget "TaskAppUITests" */;
			buildPhases = (
				BB9042F72C3F67EC00E45FF9 /* Sources */,
				BB9042F82C3F67EC00E45FF9 /* Frameworks */,
				BB9042F92C3F67EC00E45FF9 /* Resources */,
			);
			buildRules = (
			);
			dependencies = (
				BB9042FD2C3F67EC00E45FF9 /* PBXTargetDependency */,
			);
			name = TaskAppUITests;
			productName = TaskAppUITests;
			productReference = BB9042FB2C3F67EC00E45FF9 /* TaskAppUITests.xctest */;
			productType = "com.apple.product-type.bundle.ui-testing";
		};
/* End PBXNativeTarget section */

/* Begin PBXProject section */
		BB9042D92C3F67E500E45FF9 /* Project object */ = {
			isa = PBXProject;
			attributes = {
				BuildIndependentTargetsInParallel = 1;
				LastSwiftUpdateCheck = 1500;
				LastUpgradeCheck = 1500;
				TargetAttributes = {
					BB9042E02C3F67E500E45FF9 = {
						CreatedOnToolsVersion = 15.0;
					};
					BB9042F02C3F67EC00E45FF9 = {
						CreatedOnToolsVersion = 15.0;
						TestTargetID = BB9042E02C3F67E500E45FF9;
					};
					BB9042FA2C3F67EC00E45FF9 = {
						CreatedOnToolsVersion = 15.0;
						TestTargetID = BB9042E02C3F67E500E45FF9;
					};
				};
			};
			buildConfigurationList = BB9042DC2C3F67E500E45FF9 /* Build configuration list for PBXProject "TaskApp" */;
			compatibilityVersion = "Xcode 14.0";
			developmentRegion = en;
			hasScannedForEncodings = 0;
			knownRegions = (
				en,
				Base,
			);
			mainGroup = BB9042D82C3F67E500E45FF9;
			productRefGroup = BB9042E22C3F67E600E45FF9 /* Products */;
			projectDirPath = "";
			projectRoot = "";
			targets = (
				BB9042E02C3F67E500E45FF9 /* TaskApp */,
				BB9042F02C3F67EC00E45FF9 /* TaskAppTests */,
				BB9042FA2C3F67EC00E45FF9 /* TaskAppUITests */,
			);
		};
/* End PBXProject section */

/* Begin PBXResourcesBuildPhase section */
		BB9042DF2C3F67E500E45FF9 /* Resources */ = {
			isa = PBXResourcesBuildPhase;
			buildActionMask = 2147483647;
			files = (
				BB9042EC2C3F67EC00E45FF9 /* Preview Assets.xcassets in Resources */,
				BB9042E92C3F67EC00E45FF9 /* Assets.xcassets in Resources */,
			);
			runOnlyForDeploymentPostprocessing = 0;
		};
		BB9042EF2C3F67EC00E45FF9 /* Resources */ = {
			isa = PBXResourcesBuildPhase;
			buildActionMask = 2147483647;
			files = (
			);
			runOnlyForDeploymentPostprocessing = 0;
		};
		BB9042F92C3F67EC00E45FF9 /* Resources */ = {
			isa = PBXResourcesBuildPhase;
			buildActionMask = 2147483647;
			files = (
			);
			runOnlyForDeploymentPostprocessing = 0;
		};
/* End PBXResourcesBuildPhase section */

/* Begin PBXSourcesBuildPhase section */
		BB9042DD2C3F67E500E45FF9 /* Sources */ = {
			isa = PBXSourcesBuildPhase;
			buildActionMask = 2147483647;
			files = (
				BB9042E72C3F67E600E45FF9 /* ContentView.swift in Sources */,
				BB9042E52C3F67E600E45FF9 /* TaskAppApp.swift in Sources */,
			);
			runOnlyForDeploymentPostprocessing = 0;
		};
		BB9042ED2C3F67EC00E45FF9 /* Sources */ = {
			isa = PBXSourcesBuildPhase;
			buildActionMask = 2147483647;
			files = (
				BB9042F62C3F67EC00E45FF9 /* TaskAppTests.swift in Sources */,
			);
			runOnlyForDeploymentPostprocessing = 0;
		};
		BB9042F72C3F67EC00E45FF9 /* Sources */ = {
			isa = PBXSourcesBuildPhase;
			buildActionMask = 2147483647;
			files = (
				BB9043002C3F67EC00E45FF9 /* TaskAppUITests.swift in Sources */,
				BB9043022C3F67EC00E45FF9 /* TaskAppUITestsLaunchTests.swift in Sources */,
			);
			runOnlyForDeploymentPostprocessing = 0;
		};
/* End PBXSourcesBuildPhase section */

/* Begin PBXTargetDependency section */
		BB9042F32C3F67EC00E45FF9 /* PBXTargetDependency */ = {
			isa = PBXTargetDependency;
			target = BB9042E02C3F67E500E45FF9 /* TaskApp */;
			targetProxy = BB9042F22C3F67EC00E45FF9 /* PBXContainerItemProxy */;
		};
		BB9042FD2C3F67EC00E45FF9 /* PBXTargetDependency */ = {
			isa = PBXTargetDependency;
			target = BB9042E02C3F67E500E45FF9 /* TaskApp */;
			targetProxy = BB9042FC2C3F67EC00E45FF9 /* PBXContainerItemProxy */;
		};
/* End PBXTargetDependency section */

/* Begin XCBuildConfiguration section */
		BB9043032C3F67ED00E45FF9 /* Debug */ = {
			isa = XCBuildConfiguration;
			buildSettings = {
				ALWAYS_SEARCH_USER_PATHS = NO;
				ASSETCATALOG_COMPILER_GENERATE_SWIFT_ASSET_SYMBOL_EXTENSIONS = YES;
				CLANG_ANALYZER_NONNULL = YES;
				CLANG_ANALYZER_NUMBER_OBJECT_CONVERSION = YES_AGGRESSIVE;
				CLANG_CXX_LANGUAGE_STANDARD = "gnu++20";
				CLANG_ENABLE_MODULES = YES;
				CLANG_ENABLE_OBJC_ARC = YES;
				CLANG_ENABLE_OBJC_WEAK = YES;
				CLANG_WARN_BLOCK_CAPTURE_AUTORELEASING = YES;
				CLANG_WARN_BOOL_CONVERSION = YES;
				CLANG_WARN_COMMA = YES;
				CLANG_WARN_CONSTANT_CONVERSION = YES;
				CLANG_WARN_DEPRECATED_OBJC_IMPLEMENTATIONS = YES;
				CLANG_WARN_DIRECT_OBJC_ISA_USAGE = YES_ERROR;
				CLANG_WARN_DOCUMENTATION_COMMENTS = YES;
				CLANG_WARN_EMPTY_BODY = YES;
				CLANG_WARN_ENUM_CONVERSION = YES;
				CLANG_WARN_INFINITE_RECURSION = YES;
				CLANG_WARN_INT_CONVERSION = YES;
				CLANG_WARN_NON_LITERAL_NULL_CONVERSION = YES;
				CLANG_WARN_OBJC_IMPLICIT_RETAIN_SELF = YES;
				CLANG_WARN_OBJC_LITERAL_CONVERSION = YES;
				CLANG_WARN_OBJC_ROOT_CLASS = YES_ERROR;
				CLANG_WARN_QUOTED_INCLUDE_IN_FRAMEWORK_HEADER = YES;
				CLANG_WARN_RANGE_LOOP_ANALYSIS = YES;
				CLANG_WARN_STRICT_PROTOTYPES = YES;
				CLANG_WARN_SUSPICIOUS_MOVE = YES;
				CLANG_WARN_UNGUARDED_AVAILABILITY = YES_AGGRESSIVE;
				CLANG_WARN_UNREACHABLE_CODE = YES;
				CLANG_WARN__DUPLICATE_METHOD_MATCH = YES;
				COPY_PHASE_STRIP = NO;
				DEBUG_INFORMATION_FORMAT = dwarf;
				ENABLE_STRICT_OBJC_MSGSEND = YES;
				ENABLE_TESTABILITY = YES;
				ENABLE_USER_SCRIPT_SANDBOXING = YES;
				GCC_C_LANGUAGE_STANDARD = gnu17;
				GCC_DYNAMIC_NO_PIC = NO;
				GCC_NO_COMMON_BLOCKS = YES;
				GCC_OPTIMIZATION_LEVEL = 0;
				GCC_PREPROCESSOR_DEFINITIONS = (
					"DEBUG=1",
					"$(inherited)",
				);
				GCC_WARN_64_TO_32_BIT_CONVERSION = YES;
				GCC_WARN_ABOUT_RETURN_TYPE = YES_ERROR;
				GCC_WARN_UNDECLARED_SELECTOR = YES;
				GCC_WARN_UNINITIALIZED_AUTOS = YES_AGGRESSIVE;
				GCC_WARN_UNUSED_FUNCTION = YES;
				GCC_WARN_UNUSED_VARIABLE = YES;
				IPHONEOS_DEPLOYMENT_TARGET = 17.0;
				LOCALIZATION_PREFERS_STRING_CATALOGS = YES;
				MTL_ENABLE_DEBUG_INFO = INCLUDE_SOURCE;
				MTL_FAST_MATH = YES;
				ONLY_ACTIVE_ARCH = YES;
				SDKROOT = iphoneos;
				SWIFT_ACTIVE_COMPILATION_CONDITIONS = "DEBUG $(inherited)";
				SWIFT_OPTIMIZATION_LEVEL = "-Onone";
			};
			name = Debug;
		};
		BB9043042C3F67ED00E45FF9 /* Release */ = {
			isa = XCBuildConfiguration;
			buildSettings = {
				ALWAYS_SEARCH_USER_PATHS = NO;
				ASSETCATALOG_COMPILER_GENERATE_SWIFT_ASSET_SYMBOL_EXTENSIONS = YES;
				CLANG_ANALYZER_NONNULL = YES;
				CLANG_ANALYZER_NUMBER_OBJECT_CONVERSION = YES_AGGRESSIVE;
				CLANG_CXX_LANGUAGE_STANDARD = "gnu++20";
				CLANG_ENABLE_MODULES = YES;
				CLANG_ENABLE_OBJC_ARC = YES;
				CLANG_ENABLE_OBJC_WEAK = YES;
				CLANG_WARN_BLOCK_CAPTURE_AUTORELEASING = YES;
				CLANG_WARN_BOOL_CONVERSION = YES;
				CLANG_WARN_COMMA = YES;
				CLANG_WARN_CONSTANT_CONVERSION = YES;
				CLANG_WARN_DEPRECATED_OBJC_IMPLEMENTATIONS = YES;
				CLANG_WARN_DIRECT_OBJC_ISA_USAGE = YES_ERROR;
				CLANG_WARN_DOCUMENTATION_COMMENTS = YES;
				CLANG_WARN_EMPTY_BODY = YES;
				CLANG_WARN_ENUM_CONVERSION = YES;
				CLANG_WARN_INFINITE_RECURSION = YES;
				CLANG_WARN_INT_CONVERSION = YES;
				CLANG_WARN_NON_LITERAL_NULL_CONVERSION = YES;
				CLANG_WARN_OBJC_IMPLICIT_RETAIN_SELF = YES;
				CLANG_WARN_OBJC_LITERAL_CONVERSION = YES;
				CLANG_WARN_OBJC_ROOT_CLASS = YES_ERROR;
				CLANG_WARN_QUOTED_INCLUDE_IN_FRAMEWORK_HEADER = YES;
				CLANG_WARN_RANGE_LOOP_ANALYSIS = YES;
				CLANG_WARN_STRICT_PROTOTYPES = YES;
				CLANG_WARN_SUSPICIOUS_MOVE = YES;
				CLANG_WARN_UNGUARDED_AVAILABILITY = YES_AGGRESSIVE;
				CLANG_WARN_UNREACHABLE_CODE = YES;
				CLANG_WARN__DUPLICATE_METHOD_MATCH = YES;
				COPY_PHASE_STRIP = NO;
				DEBUG_INFORMATION_FORMAT = "dwarf-with-dsym";
				ENABLE_NS_ASSERTIONS = NO;
				ENABLE_STRICT_OBJC_MSGSEND = YES;
				ENABLE_USER_SCRIPT_SANDBOXING = YES;
				GCC_C_LANGUAGE_STANDARD = gnu17;
				GCC_NO_COMMON_BLOCKS = YES;
				GCC_WARN_64_TO_32_BIT_CONVERSION = YES;
				GCC_WARN_ABOUT_RETURN_TYPE = YES_ERROR;
				GCC_WARN_UNDECLARED_SELECTOR = YES;
				GCC_WARN_UNINITIALIZED_AUTOS = YES_AGGRESSIVE;
				GCC_WARN_UNUSED_FUNCTION = YES;
				GCC_WARN_UNUSED_VARIABLE = YES;
				IPHONEOS_DEPLOYMENT_TARGET = 17.0;
				LOCALIZATION_PREFERS_STRING_CATALOGS = YES;
				MTL_ENABLE_DEBUG_INFO = NO;
				MTL_FAST_MATH = YES;
				SDKROOT = iphoneos;
				SWIFT_COMPILATION_MODE = wholemodule;
				VALIDATE_PRODUCT = YES;
			};
			name = Release;
		};
		BB9043062C3F67ED00E45FF9 /* Debug */ = {
			isa = XCBuildConfiguration;
			buildSettings = {
				ASSETCATALOG_COMPILER_APPICON_NAME = AppIcon;
				ASSETCATALOG_COMPILER_GLOBAL_ACCENT_COLOR_NAME = AccentColor;
				CODE_SIGN_STYLE = Automatic;
				CURRENT_PROJECT_VERSION = 1;
				DEVELOPMENT_ASSET_PATHS = "\"TaskApp/Preview Content\"";
				ENABLE_PREVIEWS = YES;
				GENERATE_INFOPLIST_FILE = YES;
				INFOPLIST_KEY_UIApplicationSceneManifest_Generation = YES;
				INFOPLIST_KEY_UIApplicationSupportsIndirectInputEvents = YES;
				INFOPLIST_KEY_UILaunchScreen_Generation = YES;
				INFOPLIST_KEY_UISupportedInterfaceOrientations_iPad = "UIInterfaceOrientationPortrait UIInterfaceOrientationPortraitUpsideDown UIInterfaceOrientationLandscapeLeft UIInterfaceOrientationLandscapeRight";
				INFOPLIST_KEY_UISupportedInterfaceOrientations_iPhone = "UIInterfaceOrientationPortrait UIInterfaceOrientationLandscapeLeft UIInterfaceOrientationLandscapeRight";
				LD_RUNPATH_SEARCH_PATHS = (
					"$(inherited)",
					"@executable_path/Frameworks",
				);
				MARKETING_VERSION = 1.0;
				PRODUCT_BUNDLE_IDENTIFIER = com.TestingSwift.com.TaskApp;
				PRODUCT_NAME = "$(TARGET_NAME)";
				SWIFT_EMIT_LOC_STRINGS = YES;
				SWIFT_VERSION = 5.0;
				TARGETED_DEVICE_FAMILY = "1,2";
			};
			name = Debug;
		};
		BB9043072C3F67ED00E45FF9 /* Release */ = {
			isa = XCBuildConfiguration;
			buildSettings = {
				ASSETCATALOG_COMPILER_APPICON_NAME = AppIcon;
				ASSETCATALOG_COMPILER_GLOBAL_ACCENT_COLOR_NAME = AccentColor;
				CODE_SIGN_STYLE = Automatic;
				CURRENT_PROJECT_VERSION = 1;
				DEVELOPMENT_ASSET_PATHS = "\"TaskApp/Preview Content\"";
				ENABLE_PREVIEWS = YES;
				GENERATE_INFOPLIST_FILE = YES;
				INFOPLIST_KEY_UIApplicationSceneManifest_Generation = YES;
				INFOPLIST_KEY_UIApplicationSupportsIndirectInputEvents = YES;
				INFOPLIST_KEY_UILaunchScreen_Generation = YES;
				INFOPLIST_KEY_UISupportedInterfaceOrientations_iPad = "UIInterfaceOrientationPortrait UIInterfaceOrientationPortraitUpsideDown UIInterfaceOrientationLandscapeLeft UIInterfaceOrientationLandscapeRight";
				INFOPLIST_KEY_UISupportedInterfaceOrientations_iPhone = "UIInterfaceOrientationPortrait UIInterfaceOrientationLandscapeLeft UIInterfaceOrientationLandscapeRight";
				LD_RUNPATH_SEARCH_PATHS = (
					"$(inherited)",
					"@executable_path/Frameworks",
				);
				MARKETING_VERSION = 1.0;
				PRODUCT_BUNDLE_IDENTIFIER = com.TestingSwift.com.TaskApp;
				PRODUCT_NAME = "$(TARGET_NAME)";
				SWIFT_EMIT_LOC_STRINGS = YES;
				SWIFT_VERSION = 5.0;
				TARGETED_DEVICE_FAMILY = "1,2";
			};
			name = Release;
		};
		BB9043092C3F67ED00E45FF9 /* Debug */ = {
			isa = XCBuildConfiguration;
			buildSettings = {
				ALWAYS_EMBED_SWIFT_STANDARD_LIBRARIES = YES;
				BUNDLE_LOADER = "$(TEST_HOST)";
				CODE_SIGN_STYLE = Automatic;
				CURRENT_PROJECT_VERSION = 1;
				GENERATE_INFOPLIST_FILE = YES;
				IPHONEOS_DEPLOYMENT_TARGET = 17.0;
				MARKETING_VERSION = 1.0;
				PRODUCT_BUNDLE_IDENTIFIER = com.TestingSwift.com.TaskAppTests;
				PRODUCT_NAME = "$(TARGET_NAME)";
				SWIFT_EMIT_LOC_STRINGS = NO;
				SWIFT_VERSION = 5.0;
				TARGETED_DEVICE_FAMILY = "1,2";
				TEST_HOST = "$(BUILT_PRODUCTS_DIR)/TaskApp.app/$(BUNDLE_EXECUTABLE_FOLDER_PATH)/TaskApp";
			};
			name = Debug;
		};
		BB90430A2C3F67ED00E45FF9 /* Release */ = {
			isa = XCBuildConfiguration;
			buildSettings = {
				ALWAYS_EMBED_SWIFT_STANDARD_LIBRARIES = YES;
				BUNDLE_LOADER = "$(TEST_HOST)";
				CODE_SIGN_STYLE = Automatic;
				CURRENT_PROJECT_VERSION = 1;
				GENERATE_INFOPLIST_FILE = YES;
				IPHONEOS_DEPLOYMENT_TARGET = 17.0;
				MARKETING_VERSION = 1.0;
				PRODUCT_BUNDLE_IDENTIFIER = com.TestingSwift.com.TaskAppTests;
				PRODUCT_NAME = "$(TARGET_NAME)";
				SWIFT_EMIT_LOC_STRINGS = NO;
				SWIFT_VERSION = 5.0;
				TARGETED_DEVICE_FAMILY = "1,2";
				TEST_HOST = "$(BUILT_PRODUCTS_DIR)/TaskApp.app/$(BUNDLE_EXECUTABLE_FOLDER_PATH)/TaskApp";
			};
			name = Release;
		};
		BB90430C2C3F67ED00E45FF9 /* Debug */ = {
			isa = XCBuildConfiguration;
			buildSettings = {
				ALWAYS_EMBED_SWIFT_STANDARD_LIBRARIES = YES;
				CODE_SIGN_STYLE = Automatic;
				CURRENT_PROJECT_VERSION = 1;
				GENERATE_INFOPLIST_FILE = YES;
				MARKETING_VERSION = 1.0;
				PRODUCT_BUNDLE_IDENTIFIER = com.TestingSwift.com.TaskAppUITests;
				PRODUCT_NAME = "$(TARGET_NAME)";
				SWIFT_EMIT_LOC_STRINGS = NO;
				SWIFT_VERSION = 5.0;
				TARGETED_DEVICE_FAMILY = "1,2";
				TEST_TARGET_NAME = TaskApp;
			};
			name = Debug;
		};
		BB90430D2C3F67ED00E45FF9 /* Release */ = {
			isa = XCBuildConfiguration;
			buildSettings = {
				ALWAYS_EMBED_SWIFT_STANDARD_LIBRARIES = YES;
				CODE_SIGN_STYLE = Automatic;
				CURRENT_PROJECT_VERSION = 1;
				GENERATE_INFOPLIST_FILE = YES;
				MARKETING_VERSION = 1.0;
				PRODUCT_BUNDLE_IDENTIFIER = com.TestingSwift.com.TaskAppUITests;
				PRODUCT_NAME = "$(TARGET_NAME)";
				SWIFT_EMIT_LOC_STRINGS = NO;
				SWIFT_VERSION = 5.0;
				TARGETED_DEVICE_FAMILY = "1,2";
				TEST_TARGET_NAME = TaskApp;
			};
			name = Release;
		};
/* End XCBuildConfiguration section */

/* Begin XCConfigurationList section */
		BB9042DC2C3F67E500E45FF9 /* Build configuration list for PBXProject "TaskApp" */ = {
			isa = XCConfigurationList;
			buildConfigurations = (
				BB9043032C3F67ED00E45FF9 /* Debug */,
				BB9043042C3F67ED00E45FF9 /* Release */,
			);
			defaultConfigurationIsVisible = 0;
			defaultConfigurationName = Release;
		};
		BB9043052C3F67ED00E45FF9 /* Build configuration list for PBXNativeTarget "TaskApp" */ = {
			isa = XCConfigurationList;
			buildConfigurations = (
				BB9043062C3F67ED00E45FF9 /* Debug */,
				BB9043072C3F67ED00E45FF9 /* Release */,
			);
			defaultConfigurationIsVisible = 0;
			defaultConfigurationName = Release;
		};
		BB9043082C3F67ED00E45FF9 /* Build configuration list for PBXNativeTarget "TaskAppTests" */ = {
			isa = XCConfigurationList;
			buildConfigurations = (
				BB9043092C3F67ED00E45FF9 /* Debug */,
				BB90430A2C3F67ED00E45FF9 /* Release */,
			);
			defaultConfigurationIsVisible = 0;
			defaultConfigurationName = Release;
		};
		BB90430B2C3F67ED00E45FF9 /* Build configuration list for PBXNativeTarget "TaskAppUITests" */ = {
			isa = XCConfigurationList;
			buildConfigurations = (
				BB90430C2C3F67ED00E45FF9 /* Debug */,
				BB90430D2C3F67ED00E45FF9 /* Release */,
			);
			defaultConfigurationIsVisible = 0;
			defaultConfigurationName = Release;
		};
/* End XCConfigurationList section */
	};
	rootObject = BB9042D92C3F67E500E45FF9 /* Project object */;
}
